// !$*UTF8*$!
{
	archiveVersion = 1;
	classes = {
	};
	objectVersion = 50;
	objects = {

/* Begin PBXBuildFile section */
		393A39DD209C03FB00AC6210 /* AppDelegate.m in Sources */ = {isa = PBXBuildFile; fileRef = 393A39DC209C03FB00AC6210 /* AppDelegate.m */; };
		393A39E0209C03FB00AC6210 /* ViewController.m in Sources */ = {isa = PBXBuildFile; fileRef = 393A39DF209C03FB00AC6210 /* ViewController.m */; };
		393A39E3209C03FB00AC6210 /* Main.storyboard in Resources */ = {isa = PBXBuildFile; fileRef = 393A39E1209C03FB00AC6210 /* Main.storyboard */; };
		393A39E5209C03FD00AC6210 /* Assets.xcassets in Resources */ = {isa = PBXBuildFile; fileRef = 393A39E4209C03FD00AC6210 /* Assets.xcassets */; };
		393A39E8209C03FD00AC6210 /* LaunchScreen.storyboard in Resources */ = {isa = PBXBuildFile; fileRef = 393A39E6209C03FD00AC6210 /* LaunchScreen.storyboard */; };
		393A39EB209C03FD00AC6210 /* main.m in Sources */ = {isa = PBXBuildFile; fileRef = 393A39EA209C03FD00AC6210 /* main.m */; };
		393A39F5209C03FD00AC6210 /* LoopViewDemoTests.m in Sources */ = {isa = PBXBuildFile; fileRef = 393A39F4209C03FD00AC6210 /* LoopViewDemoTests.m */; };
		393A3A00209C03FD00AC6210 /* LoopViewDemoUITests.m in Sources */ = {isa = PBXBuildFile; fileRef = 393A39FF209C03FD00AC6210 /* LoopViewDemoUITests.m */; };
		393A3A17209C042000AC6210 /* 4.jpg in Resources */ = {isa = PBXBuildFile; fileRef = 393A3A11209C042000AC6210 /* 4.jpg */; };
		393A3A18209C042000AC6210 /* 2.jpg in Resources */ = {isa = PBXBuildFile; fileRef = 393A3A12209C042000AC6210 /* 2.jpg */; };
		393A3A19209C042000AC6210 /* 3.jpg in Resources */ = {isa = PBXBuildFile; fileRef = 393A3A13209C042000AC6210 /* 3.jpg */; };
		393A3A1A209C042000AC6210 /* 1.jpg in Resources */ = {isa = PBXBuildFile; fileRef = 393A3A14209C042000AC6210 /* 1.jpg */; };
		393A3A1B209C042000AC6210 /* LoopCell.m in Sources */ = {isa = PBXBuildFile; fileRef = 393A3A15209C042000AC6210 /* LoopCell.m */; };
		393A3A1C209C042000AC6210 /* LoopView.m in Sources */ = {isa = PBXBuildFile; fileRef = 393A3A16209C042000AC6210 /* LoopView.m */; };
/* End PBXBuildFile section */

/* Begin PBXContainerItemProxy section */
		393A39F1209C03FD00AC6210 /* PBXContainerItemProxy */ = {
			isa = PBXContainerItemProxy;
			containerPortal = 393A39D0209C03FB00AC6210 /* Project object */;
			proxyType = 1;
			remoteGlobalIDString = 393A39D7209C03FB00AC6210;
			remoteInfo = LoopViewDemo;
		};
		393A39FC209C03FD00AC6210 /* PBXContainerItemProxy */ = {
			isa = PBXContainerItemProxy;
			containerPortal = 393A39D0209C03FB00AC6210 /* Project object */;
			proxyType = 1;
			remoteGlobalIDString = 393A39D7209C03FB00AC6210;
			remoteInfo = LoopViewDemo;
		};
/* End PBXContainerItemProxy section */

/* Begin PBXFileReference section */
		393A39D8209C03FB00AC6210 /* LoopViewDemo.app */ = {isa = PBXFileReference; explicitFileType = wrapper.application; includeInIndex = 0; path = LoopViewDemo.app; sourceTree = BUILT_PRODUCTS_DIR; };
		393A39DB209C03FB00AC6210 /* AppDelegate.h */ = {isa = PBXFileReference; lastKnownFileType = sourcecode.c.h; path = AppDelegate.h; sourceTree = "<group>"; };
		393A39DC209C03FB00AC6210 /* AppDelegate.m */ = {isa = PBXFileReference; lastKnownFileType = sourcecode.c.objc; path = AppDelegate.m; sourceTree = "<group>"; };
		393A39DE209C03FB00AC6210 /* ViewController.h */ = {isa = PBXFileReference; lastKnownFileType = sourcecode.c.h; path = ViewController.h; sourceTree = "<group>"; };
		393A39DF209C03FB00AC6210 /* ViewController.m */ = {isa = PBXFileReference; lastKnownFileType = sourcecode.c.objc; path = ViewController.m; sourceTree = "<group>"; };
		393A39E2209C03FB00AC6210 /* Base */ = {isa = PBXFileReference; lastKnownFileType = file.storyboard; name = Base; path = Base.lproj/Main.storyboard; sourceTree = "<group>"; };
		393A39E4209C03FD00AC6210 /* Assets.xcassets */ = {isa = PBXFileReference; lastKnownFileType = folder.assetcatalog; path = Assets.xcassets; sourceTree = "<group>"; };
		393A39E7209C03FD00AC6210 /* Base */ = {isa = PBXFileReference; lastKnownFileType = file.storyboard; name = Base; path = Base.lproj/LaunchScreen.storyboard; sourceTree = "<group>"; };
		393A39E9209C03FD00AC6210 /* Info.plist */ = {isa = PBXFileReference; lastKnownFileType = text.plist.xml; path = Info.plist; sourceTree = "<group>"; };
		393A39EA209C03FD00AC6210 /* main.m */ = {isa = PBXFileReference; lastKnownFileType = sourcecode.c.objc; path = main.m; sourceTree = "<group>"; };
		393A39F0209C03FD00AC6210 /* LoopViewDemoTests.xctest */ = {isa = PBXFileReference; explicitFileType = wrapper.cfbundle; includeInIndex = 0; path = LoopViewDemoTests.xctest; sourceTree = BUILT_PRODUCTS_DIR; };
		393A39F4209C03FD00AC6210 /* LoopViewDemoTests.m */ = {isa = PBXFileReference; lastKnownFileType = sourcecode.c.objc; path = LoopViewDemoTests.m; sourceTree = "<group>"; };
		393A39F6209C03FD00AC6210 /* Info.plist */ = {isa = PBXFileReference; lastKnownFileType = text.plist.xml; path = Info.plist; sourceTree = "<group>"; };
		393A39FB209C03FD00AC6210 /* LoopViewDemoUITests.xctest */ = {isa = PBXFileReference; explicitFileType = wrapper.cfbundle; includeInIndex = 0; path = LoopViewDemoUITests.xctest; sourceTree = BUILT_PRODUCTS_DIR; };
		393A39FF209C03FD00AC6210 /* LoopViewDemoUITests.m */ = {isa = PBXFileReference; lastKnownFileType = sourcecode.c.objc; path = LoopViewDemoUITests.m; sourceTree = "<group>"; };
		393A3A01209C03FD00AC6210 /* Info.plist */ = {isa = PBXFileReference; lastKnownFileType = text.plist.xml; path = Info.plist; sourceTree = "<group>"; };
		393A3A0E209C042000AC6210 /* LoopCell.h */ = {isa = PBXFileReference; fileEncoding = 4; lastKnownFileType = sourcecode.c.h; path = LoopCell.h; sourceTree = "<group>"; };
		393A3A0F209C042000AC6210 /* LoopView.h */ = {isa = PBXFileReference; fileEncoding = 4; lastKnownFileType = sourcecode.c.h; path = LoopView.h; sourceTree = "<group>"; };
		393A3A11209C042000AC6210 /* 4.jpg */ = {isa = PBXFileReference; lastKnownFileType = image.jpeg; path = 4.jpg; sourceTree = "<group>"; };
		393A3A12209C042000AC6210 /* 2.jpg */ = {isa = PBXFileReference; lastKnownFileType = image.jpeg; path = 2.jpg; sourceTree = "<group>"; };
		393A3A13209C042000AC6210 /* 3.jpg */ = {isa = PBXFileReference; lastKnownFileType = image.jpeg; path = 3.jpg; sourceTree = "<group>"; };
		393A3A14209C042000AC6210 /* 1.jpg */ = {isa = PBXFileReference; lastKnownFileType = image.jpeg; path = 1.jpg; sourceTree = "<group>"; };
		393A3A15209C042000AC6210 /* LoopCell.m */ = {isa = PBXFileReference; fileEncoding = 4; lastKnownFileType = sourcecode.c.objc; path = LoopCell.m; sourceTree = "<group>"; };
		393A3A16209C042000AC6210 /* LoopView.m */ = {isa = PBXFileReference; fileEncoding = 4; lastKnownFileType = sourcecode.c.objc; path = LoopView.m; sourceTree = "<group>"; };
/* End PBXFileReference section */

/* Begin PBXFrameworksBuildPhase section */
		393A39D5209C03FB00AC6210 /* Frameworks */ = {
			isa = PBXFrameworksBuildPhase;
			buildActionMask = 2147483647;
			files = (
			);
			runOnlyForDeploymentPostprocessing = 0;
		};
		393A39ED209C03FD00AC6210 /* Frameworks */ = {
			isa = PBXFrameworksBuildPhase;
			buildActionMask = 2147483647;
			files = (
			);
			runOnlyForDeploymentPostprocessing = 0;
		};
		393A39F8209C03FD00AC6210 /* Frameworks */ = {
			isa = PBXFrameworksBuildPhase;
			buildActionMask = 2147483647;
			files = (
			);
			runOnlyForDeploymentPostprocessing = 0;
		};
/* End PBXFrameworksBuildPhase section */

/* Begin PBXGroup section */
		393A39CF209C03FB00AC6210 = {
			isa = PBXGroup;
			children = (
				393A39DA209C03FB00AC6210 /* LoopViewDemo */,
				393A39F3209C03FD00AC6210 /* LoopViewDemoTests */,
				393A39FE209C03FD00AC6210 /* LoopViewDemoUITests */,
				393A39D9209C03FB00AC6210 /* Products */,
			);
			sourceTree = "<group>";
		};
		393A39D9209C03FB00AC6210 /* Products */ = {
			isa = PBXGroup;
			children = (
				393A39D8209C03FB00AC6210 /* LoopViewDemo.app */,
				393A39F0209C03FD00AC6210 /* LoopViewDemoTests.xctest */,
				393A39FB209C03FD00AC6210 /* LoopViewDemoUITests.xctest */,
			);
			name = Products;
			sourceTree = "<group>";
		};
		393A39DA209C03FB00AC6210 /* LoopViewDemo */ = {
			isa = PBXGroup;
			children = (
				393A3A0D209C042000AC6210 /* LoopView */,
				393A39DB209C03FB00AC6210 /* AppDelegate.h */,
				393A39DC209C03FB00AC6210 /* AppDelegate.m */,
				393A39DE209C03FB00AC6210 /* ViewController.h */,
				393A39DF209C03FB00AC6210 /* ViewController.m */,
				393A39E1209C03FB00AC6210 /* Main.storyboard */,
				393A39E4209C03FD00AC6210 /* Assets.xcassets */,
				393A39E6209C03FD00AC6210 /* LaunchScreen.storyboard */,
				393A39E9209C03FD00AC6210 /* Info.plist */,
				393A39EA209C03FD00AC6210 /* main.m */,
				393A3A10209C042000AC6210 /* Image */,
			);
			path = LoopViewDemo;
			sourceTree = "<group>";
		};
		393A39F3209C03FD00AC6210 /* LoopViewDemoTests */ = {
			isa = PBXGroup;
			children = (
				393A39F4209C03FD00AC6210 /* LoopViewDemoTests.m */,
				393A39F6209C03FD00AC6210 /* Info.plist */,
			);
			path = LoopViewDemoTests;
			sourceTree = "<group>";
		};
		393A39FE209C03FD00AC6210 /* LoopViewDemoUITests */ = {
			isa = PBXGroup;
			children = (
				393A39FF209C03FD00AC6210 /* LoopViewDemoUITests.m */,
				393A3A01209C03FD00AC6210 /* Info.plist */,
			);
			path = LoopViewDemoUITests;
			sourceTree = "<group>";
		};
		393A3A0D209C042000AC6210 /* LoopView */ = {
			isa = PBXGroup;
			children = (
				393A3A0F209C042000AC6210 /* LoopView.h */,
				393A3A16209C042000AC6210 /* LoopView.m */,
				393A3A0E209C042000AC6210 /* LoopCell.h */,
				393A3A15209C042000AC6210 /* LoopCell.m */,
			);
			path = LoopView;
			sourceTree = "<group>";
		};
		393A3A10209C042000AC6210 /* Image */ = {
			isa = PBXGroup;
			children = (
				393A3A11209C042000AC6210 /* 4.jpg */,
				393A3A12209C042000AC6210 /* 2.jpg */,
				393A3A13209C042000AC6210 /* 3.jpg */,
				393A3A14209C042000AC6210 /* 1.jpg */,
			);
			path = Image;
			sourceTree = "<group>";
		};
/* End PBXGroup section */

/* Begin PBXNativeTarget section */
		393A39D7209C03FB00AC6210 /* LoopViewDemo */ = {
			isa = PBXNativeTarget;
			buildConfigurationList = 393A3A04209C03FD00AC6210 /* Build configuration list for PBXNativeTarget "LoopViewDemo" */;
			buildPhases = (
				393A39D4209C03FB00AC6210 /* Sources */,
				393A39D5209C03FB00AC6210 /* Frameworks */,
				393A39D6209C03FB00AC6210 /* Resources */,
			);
			buildRules = (
			);
			dependencies = (
			);
			name = LoopViewDemo;
			productName = LoopViewDemo;
			productReference = 393A39D8209C03FB00AC6210 /* LoopViewDemo.app */;
			productType = "com.apple.product-type.application";
		};
		393A39EF209C03FD00AC6210 /* LoopViewDemoTests */ = {
			isa = PBXNativeTarget;
			buildConfigurationList = 393A3A07209C03FD00AC6210 /* Build configuration list for PBXNativeTarget "LoopViewDemoTests" */;
			buildPhases = (
				393A39EC209C03FD00AC6210 /* Sources */,
				393A39ED209C03FD00AC6210 /* Frameworks */,
				393A39EE209C03FD00AC6210 /* Resources */,
			);
			buildRules = (
			);
			dependencies = (
				393A39F2209C03FD00AC6210 /* PBXTargetDependency */,
			);
			name = LoopViewDemoTests;
			productName = LoopViewDemoTests;
			productReference = 393A39F0209C03FD00AC6210 /* LoopViewDemoTests.xctest */;
			productType = "com.apple.product-type.bundle.unit-test";
		};
		393A39FA209C03FD00AC6210 /* LoopViewDemoUITests */ = {
			isa = PBXNativeTarget;
			buildConfigurationList = 393A3A0A209C03FD00AC6210 /* Build configuration list for PBXNativeTarget "LoopViewDemoUITests" */;
			buildPhases = (
				393A39F7209C03FD00AC6210 /* Sources */,
				393A39F8209C03FD00AC6210 /* Frameworks */,
				393A39F9209C03FD00AC6210 /* Resources */,
			);
			buildRules = (
			);
			dependencies = (
				393A39FD209C03FD00AC6210 /* PBXTargetDependency */,
			);
			name = LoopViewDemoUITests;
			productName = LoopViewDemoUITests;
			productReference = 393A39FB209C03FD00AC6210 /* LoopViewDemoUITests.xctest */;
			productType = "com.apple.product-type.bundle.ui-testing";
		};
/* End PBXNativeTarget section */

/* Begin PBXProject section */
		393A39D0209C03FB00AC6210 /* Project object */ = {
			isa = PBXProject;
			attributes = {
				LastUpgradeCheck = 0930;
				ORGANIZATIONNAME = "黑牛保险";
				TargetAttributes = {
					393A39D7209C03FB00AC6210 = {
						CreatedOnToolsVersion = 9.3;
					};
					393A39EF209C03FD00AC6210 = {
						CreatedOnToolsVersion = 9.3;
						TestTargetID = 393A39D7209C03FB00AC6210;
					};
					393A39FA209C03FD00AC6210 = {
						CreatedOnToolsVersion = 9.3;
						TestTargetID = 393A39D7209C03FB00AC6210;
					};
				};
			};
			buildConfigurationList = 393A39D3209C03FB00AC6210 /* Build configuration list for PBXProject "LoopViewDemo" */;
			compatibilityVersion = "Xcode 9.3";
			developmentRegion = en;
			hasScannedForEncodings = 0;
			knownRegions = (
				en,
				Base,
			);
			mainGroup = 393A39CF209C03FB00AC6210;
			productRefGroup = 393A39D9209C03FB00AC6210 /* Products */;
			projectDirPath = "";
			projectRoot = "";
			targets = (
				393A39D7209C03FB00AC6210 /* LoopViewDemo */,
				393A39EF209C03FD00AC6210 /* LoopViewDemoTests */,
				393A39FA209C03FD00AC6210 /* LoopViewDemoUITests */,
			);
		};
/* End PBXProject section */

/* Begin PBXResourcesBuildPhase section */
		393A39D6209C03FB00AC6210 /* Resources */ = {
			isa = PBXResourcesBuildPhase;
			buildActionMask = 2147483647;
			files = (
				393A3A17209C042000AC6210 /* 4.jpg in Resources */,
				393A39E8209C03FD00AC6210 /* LaunchScreen.storyboard in Resources */,
				393A3A18209C042000AC6210 /* 2.jpg in Resources */,
				393A3A19209C042000AC6210 /* 3.jpg in Resources */,
				393A39E5209C03FD00AC6210 /* Assets.xcassets in Resources */,
				393A39E3209C03FB00AC6210 /* Main.storyboard in Resources */,
				393A3A1A209C042000AC6210 /* 1.jpg in Resources */,
			);
			runOnlyForDeploymentPostprocessing = 0;
		};
		393A39EE209C03FD00AC6210 /* Resources */ = {
			isa = PBXResourcesBuildPhase;
			buildActionMask = 2147483647;
			files = (
			);
			runOnlyForDeploymentPostprocessing = 0;
		};
		393A39F9209C03FD00AC6210 /* Resources */ = {
			isa = PBXResourcesBuildPhase;
			buildActionMask = 2147483647;
			files = (
			);
			runOnlyForDeploymentPostprocessing = 0;
		};
/* End PBXResourcesBuildPhase section */

/* Begin PBXSourcesBuildPhase section */
		393A39D4209C03FB00AC6210 /* Sources */ = {
			isa = PBXSourcesBuildPhase;
			buildActionMask = 2147483647;
			files = (
				393A3A1C209C042000AC6210 /* LoopView.m in Sources */,
				393A39E0209C03FB00AC6210 /* ViewController.m in Sources */,
				393A39EB209C03FD00AC6210 /* main.m in Sources */,
				393A39DD209C03FB00AC6210 /* AppDelegate.m in Sources */,
				393A3A1B209C042000AC6210 /* LoopCell.m in Sources */,
			);
			runOnlyForDeploymentPostprocessing = 0;
		};
		393A39EC209C03FD00AC6210 /* Sources */ = {
			isa = PBXSourcesBuildPhase;
			buildActionMask = 2147483647;
			files = (
				393A39F5209C03FD00AC6210 /* LoopViewDemoTests.m in Sources */,
			);
			runOnlyForDeploymentPostprocessing = 0;
		};
		393A39F7209C03FD00AC6210 /* Sources */ = {
			isa = PBXSourcesBuildPhase;
			buildActionMask = 2147483647;
			files = (
				393A3A00209C03FD00AC6210 /* LoopViewDemoUITests.m in Sources */,
			);
			runOnlyForDeploymentPostprocessing = 0;
		};
/* End PBXSourcesBuildPhase section */

/* Begin PBXTargetDependency section */
		393A39F2209C03FD00AC6210 /* PBXTargetDependency */ = {
			isa = PBXTargetDependency;
			target = 393A39D7209C03FB00AC6210 /* LoopViewDemo */;
			targetProxy = 393A39F1209C03FD00AC6210 /* PBXContainerItemProxy */;
		};
		393A39FD209C03FD00AC6210 /* PBXTargetDependency */ = {
			isa = PBXTargetDependency;
			target = 393A39D7209C03FB00AC6210 /* LoopViewDemo */;
			targetProxy = 393A39FC209C03FD00AC6210 /* PBXContainerItemProxy */;
		};
/* End PBXTargetDependency section */

/* Begin PBXVariantGroup section */
		393A39E1209C03FB00AC6210 /* Main.storyboard */ = {
			isa = PBXVariantGroup;
			children = (
				393A39E2209C03FB00AC6210 /* Base */,
			);
			name = Main.storyboard;
			sourceTree = "<group>";
		};
		393A39E6209C03FD00AC6210 /* LaunchScreen.storyboard */ = {
			isa = PBXVariantGroup;
			children = (
				393A39E7209C03FD00AC6210 /* Base */,
			);
			name = LaunchScreen.storyboard;
			sourceTree = "<group>";
		};
/* End PBXVariantGroup section */

/* Begin XCBuildConfiguration section */
		393A3A02209C03FD00AC6210 /* Debug */ = {
			isa = XCBuildConfiguration;
			buildSettings = {
				ALWAYS_SEARCH_USER_PATHS = NO;
				CLANG_ANALYZER_NONNULL = YES;
				CLANG_ANALYZER_NUMBER_OBJECT_CONVERSION = YES_AGGRESSIVE;
				CLANG_CXX_LANGUAGE_STANDARD = "gnu++14";
				CLANG_CXX_LIBRARY = "libc++";
				CLANG_ENABLE_MODULES = YES;
				CLANG_ENABLE_OBJC_ARC = YES;
				CLANG_ENABLE_OBJC_WEAK = YES;
				CLANG_WARN_BLOCK_CAPTURE_AUTORELEASING = YES;
				CLANG_WARN_BOOL_CONVERSION = YES;
				CLANG_WARN_COMMA = YES;
				CLANG_WARN_CONSTANT_CONVERSION = YES;
				CLANG_WARN_DEPRECATED_OBJC_IMPLEMENTATIONS = YES;
				CLANG_WARN_DIRECT_OBJC_ISA_USAGE = YES_ERROR;
				CLANG_WARN_DOCUMENTATION_COMMENTS = YES;
				CLANG_WARN_EMPTY_BODY = YES;
				CLANG_WARN_ENUM_CONVERSION = YES;
				CLANG_WARN_INFINITE_RECURSION = YES;
				CLANG_WARN_INT_CONVERSION = YES;
				CLANG_WARN_NON_LITERAL_NULL_CONVERSION = YES;
				CLANG_WARN_OBJC_IMPLICIT_RETAIN_SELF = YES;
				CLANG_WARN_OBJC_LITERAL_CONVERSION = YES;
				CLANG_WARN_OBJC_ROOT_CLASS = YES_ERROR;
				CLANG_WARN_RANGE_LOOP_ANALYSIS = YES;
				CLANG_WARN_STRICT_PROTOTYPES = YES;
				CLANG_WARN_SUSPICIOUS_MOVE = YES;
				CLANG_WARN_UNGUARDED_AVAILABILITY = YES_AGGRESSIVE;
				CLANG_WARN_UNREACHABLE_CODE = YES;
				CLANG_WARN__DUPLICATE_METHOD_MATCH = YES;
				CODE_SIGN_IDENTITY = "iPhone Developer";
				COPY_PHASE_STRIP = NO;
				DEBUG_INFORMATION_FORMAT = dwarf;
				ENABLE_STRICT_OBJC_MSGSEND = YES;
				ENABLE_TESTABILITY = YES;
				GCC_C_LANGUAGE_STANDARD = gnu11;
				GCC_DYNAMIC_NO_PIC = NO;
				GCC_NO_COMMON_BLOCKS = YES;
				GCC_OPTIMIZATION_LEVEL = 0;
				GCC_PREPROCESSOR_DEFINITIONS = (
					"DEBUG=1",
					"$(inherited)",
				);
				GCC_WARN_64_TO_32_BIT_CONVERSION = YES;
				GCC_WARN_ABOUT_RETURN_TYPE = YES_ERROR;
				GCC_WARN_UNDECLARED_SELECTOR = YES;
				GCC_WARN_UNINITIALIZED_AUTOS = YES_AGGRESSIVE;
				GCC_WARN_UNUSED_FUNCTION = YES;
				GCC_WARN_UNUSED_VARIABLE = YES;
				IPHONEOS_DEPLOYMENT_TARGET = 11.3;
				MTL_ENABLE_DEBUG_INFO = YES;
				ONLY_ACTIVE_ARCH = YES;
				SDKROOT = iphoneos;
			};
			name = Debug;
		};
		393A3A03209C03FD00AC6210 /* Release */ = {
			isa = XCBuildConfiguration;
			buildSettings = {
				ALWAYS_SEARCH_USER_PATHS = NO;
				CLANG_ANALYZER_NONNULL = YES;
				CLANG_ANALYZER_NUMBER_OBJECT_CONVERSION = YES_AGGRESSIVE;
				CLANG_CXX_LANGUAGE_STANDARD = "gnu++14";
				CLANG_CXX_LIBRARY = "libc++";
				CLANG_ENABLE_MODULES = YES;
				CLANG_ENABLE_OBJC_ARC = YES;
				CLANG_ENABLE_OBJC_WEAK = YES;
				CLANG_WARN_BLOCK_CAPTURE_AUTORELEASING = YES;
				CLANG_WARN_BOOL_CONVERSION = YES;
				CLANG_WARN_COMMA = YES;
				CLANG_WARN_CONSTANT_CONVERSION = YES;
				CLANG_WARN_DEPRECATED_OBJC_IMPLEMENTATIONS = YES;
				CLANG_WARN_DIRECT_OBJC_ISA_USAGE = YES_ERROR;
				CLANG_WARN_DOCUMENTATION_COMMENTS = YES;
				CLANG_WARN_EMPTY_BODY = YES;
				CLANG_WARN_ENUM_CONVERSION = YES;
				CLANG_WARN_INFINITE_RECURSION = YES;
				CLANG_WARN_INT_CONVERSION = YES;
				CLANG_WARN_NON_LITERAL_NULL_CONVERSION = YES;
				CLANG_WARN_OBJC_IMPLICIT_RETAIN_SELF = YES;
				CLANG_WARN_OBJC_LITERAL_CONVERSION = YES;
				CLANG_WARN_OBJC_ROOT_CLASS = YES_ERROR;
				CLANG_WARN_RANGE_LOOP_ANALYSIS = YES;
				CLANG_WARN_STRICT_PROTOTYPES = YES;
				CLANG_WARN_SUSPICIOUS_MOVE = YES;
				CLANG_WARN_UNGUARDED_AVAILABILITY = YES_AGGRESSIVE;
				CLANG_WARN_UNREACHABLE_CODE = YES;
				CLANG_WARN__DUPLICATE_METHOD_MATCH = YES;
				CODE_SIGN_IDENTITY = "iPhone Developer";
				COPY_PHASE_STRIP = NO;
				DEBUG_INFORMATION_FORMAT = "dwarf-with-dsym";
				ENABLE_NS_ASSERTIONS = NO;
				ENABLE_STRICT_OBJC_MSGSEND = YES;
				GCC_C_LANGUAGE_STANDARD = gnu11;
				GCC_NO_COMMON_BLOCKS = YES;
				GCC_WARN_64_TO_32_BIT_CONVERSION = YES;
				GCC_WARN_ABOUT_RETURN_TYPE = YES_ERROR;
				GCC_WARN_UNDECLARED_SELECTOR = YES;
				GCC_WARN_UNINITIALIZED_AUTOS = YES_AGGRESSIVE;
				GCC_WARN_UNUSED_FUNCTION = YES;
				GCC_WARN_UNUSED_VARIABLE = YES;
				IPHONEOS_DEPLOYMENT_TARGET = 11.3;
				MTL_ENABLE_DEBUG_INFO = NO;
				SDKROOT = iphoneos;
				VALIDATE_PRODUCT = YES;
			};
			name = Release;
		};
		393A3A05209C03FD00AC6210 /* Debug */ = {
			isa = XCBuildConfiguration;
			buildSettings = {
				ASSETCATALOG_COMPILER_APPICON_NAME = AppIcon;
				CODE_SIGN_STYLE = Automatic;
				DEVELOPMENT_TEAM = 54SD8MCD2D;
				INFOPLIST_FILE = LoopViewDemo/Info.plist;
				IPHONEOS_DEPLOYMENT_TARGET = 10.0;
				LD_RUNPATH_SEARCH_PATHS = (
					"$(inherited)",
					"@executable_path/Frameworks",
				);
				PRODUCT_BUNDLE_IDENTIFIER = cn.xuzhichao.LoopViewDemo;
				PRODUCT_NAME = "$(TARGET_NAME)";
				TARGETED_DEVICE_FAMILY = "1,2";
			};
			name = Debug;
		};
		393A3A06209C03FD00AC6210 /* Release */ = {
			isa = XCBuildConfiguration;
			buildSettings = {
				ASSETCATALOG_COMPILER_APPICON_NAME = AppIcon;
				CODE_SIGN_STYLE = Automatic;
				DEVELOPMENT_TEAM = 54SD8MCD2D;
				INFOPLIST_FILE = LoopViewDemo/Info.plist;
				IPHONEOS_DEPLOYMENT_TARGET = 10.0;
				LD_RUNPATH_SEARCH_PATHS = (
					"$(inherited)",
					"@executable_path/Frameworks",
				);
				PRODUCT_BUNDLE_IDENTIFIER = cn.xuzhichao.LoopViewDemo;
				PRODUCT_NAME = "$(TARGET_NAME)";
				TARGETED_DEVICE_FAMILY = "1,2";
			};
			name = Release;
		};
		393A3A08209C03FD00AC6210 /* Debug */ = {
			isa = XCBuildConfiguration;
			buildSettings = {
				BUNDLE_LOADER = "$(TEST_HOST)";
				CODE_SIGN_STYLE = Automatic;
				INFOPLIST_FILE = LoopViewDemoTests/Info.plist;
				LD_RUNPATH_SEARCH_PATHS = (
					"$(inherited)",
					"@executable_path/Frameworks",
					"@loader_path/Frameworks",
				);
				PRODUCT_BUNDLE_IDENTIFIER = cn.heiniu.LoopViewDemoTests;
				PRODUCT_NAME = "$(TARGET_NAME)";
				TARGETED_DEVICE_FAMILY = "1,2";
				TEST_HOST = "$(BUILT_PRODUCTS_DIR)/LoopViewDemo.app/LoopViewDemo";
			};
			name = Debug;
		};
		393A3A09209C03FD00AC6210 /* Release */ = {
			isa = XCBuildConfiguration;
			buildSettings = {
				BUNDLE_LOADER = "$(TEST_HOST)";
				CODE_SIGN_STYLE = Automatic;
				INFOPLIST_FILE = LoopViewDemoTests/Info.plist;
				LD_RUNPATH_SEARCH_PATHS = (
					"$(inherited)",
					"@executable_path/Frameworks",
					"@loader_path/Frameworks",
				);
				PRODUCT_BUNDLE_IDENTIFIER = cn.heiniu.LoopViewDemoTests;
				PRODUCT_NAME = "$(TARGET_NAME)";
				TARGETED_DEVICE_FAMILY = "1,2";
				TEST_HOST = "$(BUILT_PRODUCTS_DIR)/LoopViewDemo.app/LoopViewDemo";
			};
			name = Release;
		};
		393A3A0B209C03FD00AC6210 /* Debug */ = {
			isa = XCBuildConfiguration;
			buildSettings = {
				CODE_SIGN_STYLE = Automatic;
				INFOPLIST_FILE = LoopViewDemoUITests/Info.plist;
				LD_RUNPATH_SEARCH_PATHS = (
					"$(inherited)",
					"@executable_path/Frameworks",
					"@loader_path/Frameworks",
				);
				PRODUCT_BUNDLE_IDENTIFIER = cn.heiniu.LoopViewDemoUITests;
				PRODUCT_NAME = "$(TARGET_NAME)";
				TARGETED_DEVICE_FAMILY = "1,2";
				TEST_TARGET_NAME = LoopViewDemo;
			};
			name = Debug;
		};
		393A3A0C209C03FD00AC6210 /* Release */ = {
			isa = XCBuildConfiguration;
			buildSettings = {
				CODE_SIGN_STYLE = Automatic;
				INFOPLIST_FILE = LoopViewDemoUITests/Info.plist;
				LD_RUNPATH_SEARCH_PATHS = (
					"$(inherited)",
					"@executable_path/Frameworks",
					"@loader_path/Frameworks",
				);
				PRODUCT_BUNDLE_IDENTIFIER = cn.heiniu.LoopViewDemoUITests;
				PRODUCT_NAME = "$(TARGET_NAME)";
				TARGETED_DEVICE_FAMILY = "1,2";
				TEST_TARGET_NAME = LoopViewDemo;
			};
			name = Release;
		};
/* End XCBuildConfiguration section */

/* Begin XCConfigurationList section */
		393A39D3209C03FB00AC6210 /* Build configuration list for PBXProject "LoopViewDemo" */ = {
			isa = XCConfigurationList;
			buildConfigurations = (
				393A3A02209C03FD00AC6210 /* Debug */,
				393A3A03209C03FD00AC6210 /* Release */,
			);
			defaultConfigurationIsVisible = 0;
			defaultConfigurationName = Release;
		};
		393A3A04209C03FD00AC6210 /* Build configuration list for PBXNativeTarget "LoopViewDemo" */ = {
			isa = XCConfigurationList;
			buildConfigurations = (
				393A3A05209C03FD00AC6210 /* Debug */,
				393A3A06209C03FD00AC6210 /* Release */,
			);
			defaultConfigurationIsVisible = 0;
			defaultConfigurationName = Release;
		};
		393A3A07209C03FD00AC6210 /* Build configuration list for PBXNativeTarget "LoopViewDemoTests" */ = {
			isa = XCConfigurationList;
			buildConfigurations = (
				393A3A08209C03FD00AC6210 /* Debug */,
				393A3A09209C03FD00AC6210 /* Release */,
			);
			defaultConfigurationIsVisible = 0;
			defaultConfigurationName = Release;
		};
		393A3A0A209C03FD00AC6210 /* Build configuration list for PBXNativeTarget "LoopViewDemoUITests" */ = {
			isa = XCConfigurationList;
			buildConfigurations = (
				393A3A0B209C03FD00AC6210 /* Debug */,
				393A3A0C209C03FD00AC6210 /* Release */,
			);
			defaultConfigurationIsVisible = 0;
			defaultConfigurationName = Release;
		};
/* End XCConfigurationList section */
	};
	rootObject = 393A39D0209C03FB00AC6210 /* Project object */;
}
